
Microsoft Visual Studio Solution File, Format Version 12.00
# Visual Studio Version 17
VisualStudioVersion = 17.14.36221.1
MinimumVisualStudioVersion = 10.0.40219.1
Project("{FAE04EC0-301F-11D3-BF4B-00C04F79EFBC}") = "MasterInCSharpAndASPDotNET", "MasterInCSharpAndASPDotNET\MasterInCSharpAndASPDotNET.csproj", "{A52461A2-5040-4AAD-90EC-94334F17018B}"
EndProject
Project("{FAE04EC0-301F-11D3-BF4B-00C04F79EFBC}") = "06PrintYourBio", "06PrintYourBio\06PrintYourBio.csproj", "{C5A9A5C5-E914-4B7D-B75F-B7038858794A}"
EndProject
Project("{FAE04EC0-301F-11D3-BF4B-00C04F79EFBC}") = "07BackslashCharactersOrEscapeSequences", "07BackslashCharactersOrEscapeSequences\07BackslashCharactersOrEscapeSequences.csproj", "{9A6BB60D-B43D-4682-A764-8B46C0E7474E}"
EndProject
Project("{FAE04EC0-301F-11D3-BF4B-00C04F79EFBC}") = "008Variables", "008Variables\008Variables.csproj", "{21F3CB5B-F3B4-44FE-8899-35AEE53D90E2}"
EndProject
Project("{FAE04EC0-301F-11D3-BF4B-00C04F79EFBC}") = "012ConstantAndMultipleVariable", "012ConstantAndMultipleVariable\012ConstantAndMultipleVariable.csproj", "{16989DFE-1220-4EF2-8715-C7C92F507319}"
EndProject
Project("{FAE04EC0-301F-11D3-BF4B-00C04F79EFBC}") = "012DataTypeCasting", "012DataTypeCasting\012DataTypeCasting.csproj", "{AF6B812A-FEC0-40E2-AFF3-7A4CEFF8A066}"
EndProject
Project("{FAE04EC0-301F-11D3-BF4B-00C04F79EFBC}") = "014UserInput", "014UserInput\014UserInput.csproj", "{F1BF02F2-D206-4E4F-929F-82675A07E0DD}"
EndProject
Project("{FAE04EC0-301F-11D3-BF4B-00C04F79EFBC}") = "017Operations", "017Operations\017Operations.csproj", "{0ADAAAA8-5BB1-441E-969C-914ABC0EC849}"
EndProject
Project("{FAE04EC0-301F-11D3-BF4B-00C04F79EFBC}") = "026AssignmentOperators", "026AssignmentOperators\026AssignmentOperators.csproj", "{3EDED6DE-4763-48D6-85C9-F90CDD129B83}"
EndProject
Project("{FAE04EC0-301F-11D3-BF4B-00C04F79EFBC}") = "027Relational Operators", "027Relational Operators\027Relational Operators.csproj", "{0773D4AB-DD98-4706-824E-0FDFD1E309FF}"
EndProject
Project("{FAE04EC0-301F-11D3-BF4B-00C04F79EFBC}") = "028LogicalOperatiors", "028LogicalOperatiors\028LogicalOperatiors.csproj", "{D257464F-C6A1-44C6-9D63-28D9AE65945A}"
EndProject
Project("{FAE04EC0-301F-11D3-BF4B-00C04F79EFBC}") = "028BitwiseOperations", "028BitwiseOperations\028BitwiseOperations.csproj", "{25408BEC-EDC5-4434-AE77-18BFCA2B1857}"
EndProject
Project("{FAE04EC0-301F-11D3-BF4B-00C04F79EFBC}") = "029UnaryOperators", "029UnaryOperators\029UnaryOperators.csproj", "{9B5CEA93-9DB6-4F70-8AB0-C391FA7131F0}"
EndProject
Project("{FAE04EC0-301F-11D3-BF4B-00C04F79EFBC}") = "031TernaryOperators", "031TernaryOperators\031TernaryOperators.csproj", "{CBC36E67-CE55-40EA-936E-A5A2BF030D43}"
EndProject
Project("{FAE04EC0-301F-11D3-BF4B-00C04F79EFBC}") = "031ControlStatements", "031ControlStatements\031ControlStatements.csproj", "{1FEB44FB-EA48-483A-8EFF-06E2618A4242}"
EndProject
Project("{FAE04EC0-301F-11D3-BF4B-00C04F79EFBC}") = "038LeapYear", "038LeapYear\038LeapYear.csproj", "{5B5DC6E0-0DD6-474E-A419-AC5B97F2D263}"
EndProject
Project("{FAE04EC0-301F-11D3-BF4B-00C04F79EFBC}") = "039CapitalOrSmallLater", "039CapitalOrSmallLater\039CapitalOrSmallLater.csproj", "{AE2172E7-BF35-4002-8A6B-142B8954BF22}"
EndProject
Project("{FAE04EC0-301F-11D3-BF4B-00C04F79EFBC}") = "040VowelConsonant", "040VowelConsonant\040VowelConsonant.csproj", "{3404DBF4-5A91-41F2-A3E0-D3FE16625CE2}"
EndProject
Project("{FAE04EC0-301F-11D3-BF4B-00C04F79EFBC}") = "041SwithcCase", "041SwithcCase\041SwithcCase.csproj", "{246FED93-CEA0-4D4A-A7A0-91D28ED73069}"
EndProject
Project("{FAE04EC0-301F-11D3-BF4B-00C04F79EFBC}") = "045TemperatureConverter", "045TemperatureConverter\045TemperatureConverter.csproj", "{75E240D5-23D8-439D-ABA1-29CC80D3891D}"
EndProject
Project("{FAE04EC0-301F-11D3-BF4B-00C04F79EFBC}") = "047CalculatorProject", "047CalculatorProject\047CalculatorProject.csproj", "{375F280C-0E81-44C9-AA0A-F8A79312D78E}"
EndProject
Project("{FAE04EC0-301F-11D3-BF4B-00C04F79EFBC}") = "048Loop", "048Loop\048Loop.csproj", "{F005BE6D-77FC-4E1B-BCF8-48611B41F145}"
EndProject
Project("{FAE04EC0-301F-11D3-BF4B-00C04F79EFBC}") = "052WhileDoWhileLoop", "052WhileDoWhileLoop\052WhileDoWhileLoop.csproj", "{4D625AA9-B06F-4F82-B1CA-7611D69C9EF6}"
EndProject
Project("{FAE04EC0-301F-11D3-BF4B-00C04F79EFBC}") = "054NestedLoop", "054NestedLoop\054NestedLoop.csproj", "{A63F2304-28AC-4F8E-9C2A-88AF6368CEA1}"
EndProject
Project("{FAE04EC0-301F-11D3-BF4B-00C04F79EFBC}") = "055MultiplacationTable", "055MultiplacationTable\055MultiplacationTable.csproj", "{CC8F50B8-062E-451D-9BDD-9EA68F9C2E54}"
EndProject
Project("{FAE04EC0-301F-11D3-BF4B-00C04F79EFBC}") = "056Method", "056Method\056Method.csproj", "{474216E5-DC80-4EAD-B733-315F5ABE93D1}"
EndProject
Project("{FAE04EC0-301F-11D3-BF4B-00C04F79EFBC}") = "057InputValidation", "057InputValidation\057InputValidation.csproj", "{4052911D-F7C8-4560-886A-92A438E6717E}"
EndProject
Project("{FAE04EC0-301F-11D3-BF4B-00C04F79EFBC}") = "058OOP", "058OOP\058OOP.csproj", "{339F370A-12D9-4C89-9F95-A02EDB5710C3}"
EndProject
Project("{FAE04EC0-301F-11D3-BF4B-00C04F79EFBC}") = "067ExcaptionHandling", "067ExcaptionHandling\067ExcaptionHandling.csproj", "{4F819D80-1A70-4314-A472-4A84550276BD}"
EndProject
Global
	GlobalSection(SolutionConfigurationPlatforms) = preSolution
		Debug|Any CPU = Debug|Any CPU
		Release|Any CPU = Release|Any CPU
	EndGlobalSection
	GlobalSection(ProjectConfigurationPlatforms) = postSolution
		{A52461A2-5040-4AAD-90EC-94334F17018B}.Debug|Any CPU.ActiveCfg = Debug|Any CPU
		{A52461A2-5040-4AAD-90EC-94334F17018B}.Debug|Any CPU.Build.0 = Debug|Any CPU
		{A52461A2-5040-4AAD-90EC-94334F17018B}.Release|Any CPU.ActiveCfg = Release|Any CPU
		{A52461A2-5040-4AAD-90EC-94334F17018B}.Release|Any CPU.Build.0 = Release|Any CPU
		{C5A9A5C5-E914-4B7D-B75F-B7038858794A}.Debug|Any CPU.ActiveCfg = Debug|Any CPU
		{C5A9A5C5-E914-4B7D-B75F-B7038858794A}.Debug|Any CPU.Build.0 = Debug|Any CPU
		{C5A9A5C5-E914-4B7D-B75F-B7038858794A}.Release|Any CPU.ActiveCfg = Release|Any CPU
		{C5A9A5C5-E914-4B7D-B75F-B7038858794A}.Release|Any CPU.Build.0 = Release|Any CPU
		{9A6BB60D-B43D-4682-A764-8B46C0E7474E}.Debug|Any CPU.ActiveCfg = Debug|Any CPU
		{9A6BB60D-B43D-4682-A764-8B46C0E7474E}.Debug|Any CPU.Build.0 = Debug|Any CPU
		{9A6BB60D-B43D-4682-A764-8B46C0E7474E}.Release|Any CPU.ActiveCfg = Release|Any CPU
		{9A6BB60D-B43D-4682-A764-8B46C0E7474E}.Release|Any CPU.Build.0 = Release|Any CPU
		{21F3CB5B-F3B4-44FE-8899-35AEE53D90E2}.Debug|Any CPU.ActiveCfg = Debug|Any CPU
		{21F3CB5B-F3B4-44FE-8899-35AEE53D90E2}.Debug|Any CPU.Build.0 = Debug|Any CPU
		{21F3CB5B-F3B4-44FE-8899-35AEE53D90E2}.Release|Any CPU.ActiveCfg = Release|Any CPU
		{21F3CB5B-F3B4-44FE-8899-35AEE53D90E2}.Release|Any CPU.Build.0 = Release|Any CPU
		{16989DFE-1220-4EF2-8715-C7C92F507319}.Debug|Any CPU.ActiveCfg = Debug|Any CPU
		{16989DFE-1220-4EF2-8715-C7C92F507319}.Debug|Any CPU.Build.0 = Debug|Any CPU
		{16989DFE-1220-4EF2-8715-C7C92F507319}.Release|Any CPU.ActiveCfg = Release|Any CPU
		{16989DFE-1220-4EF2-8715-C7C92F507319}.Release|Any CPU.Build.0 = Release|Any CPU
		{AF6B812A-FEC0-40E2-AFF3-7A4CEFF8A066}.Debug|Any CPU.ActiveCfg = Debug|Any CPU
		{AF6B812A-FEC0-40E2-AFF3-7A4CEFF8A066}.Debug|Any CPU.Build.0 = Debug|Any CPU
		{AF6B812A-FEC0-40E2-AFF3-7A4CEFF8A066}.Release|Any CPU.ActiveCfg = Release|Any CPU
		{AF6B812A-FEC0-40E2-AFF3-7A4CEFF8A066}.Release|Any CPU.Build.0 = Release|Any CPU
		{F1BF02F2-D206-4E4F-929F-82675A07E0DD}.Debug|Any CPU.ActiveCfg = Debug|Any CPU
		{F1BF02F2-D206-4E4F-929F-82675A07E0DD}.Debug|Any CPU.Build.0 = Debug|Any CPU
		{F1BF02F2-D206-4E4F-929F-82675A07E0DD}.Release|Any CPU.ActiveCfg = Release|Any CPU
		{F1BF02F2-D206-4E4F-929F-82675A07E0DD}.Release|Any CPU.Build.0 = Release|Any CPU
		{0ADAAAA8-5BB1-441E-969C-914ABC0EC849}.Debug|Any CPU.ActiveCfg = Debug|Any CPU
		{0ADAAAA8-5BB1-441E-969C-914ABC0EC849}.Debug|Any CPU.Build.0 = Debug|Any CPU
		{0ADAAAA8-5BB1-441E-969C-914ABC0EC849}.Release|Any CPU.ActiveCfg = Release|Any CPU
		{0ADAAAA8-5BB1-441E-969C-914ABC0EC849}.Release|Any CPU.Build.0 = Release|Any CPU
		{3EDED6DE-4763-48D6-85C9-F90CDD129B83}.Debug|Any CPU.ActiveCfg = Debug|Any CPU
		{3EDED6DE-4763-48D6-85C9-F90CDD129B83}.Debug|Any CPU.Build.0 = Debug|Any CPU
		{3EDED6DE-4763-48D6-85C9-F90CDD129B83}.Release|Any CPU.ActiveCfg = Release|Any CPU
		{3EDED6DE-4763-48D6-85C9-F90CDD129B83}.Release|Any CPU.Build.0 = Release|Any CPU
		{0773D4AB-DD98-4706-824E-0FDFD1E309FF}.Debug|Any CPU.ActiveCfg = Debug|Any CPU
		{0773D4AB-DD98-4706-824E-0FDFD1E309FF}.Debug|Any CPU.Build.0 = Debug|Any CPU
		{0773D4AB-DD98-4706-824E-0FDFD1E309FF}.Release|Any CPU.ActiveCfg = Release|Any CPU
		{0773D4AB-DD98-4706-824E-0FDFD1E309FF}.Release|Any CPU.Build.0 = Release|Any CPU
		{D257464F-C6A1-44C6-9D63-28D9AE65945A}.Debug|Any CPU.ActiveCfg = Debug|Any CPU
		{D257464F-C6A1-44C6-9D63-28D9AE65945A}.Debug|Any CPU.Build.0 = Debug|Any CPU
		{D257464F-C6A1-44C6-9D63-28D9AE65945A}.Release|Any CPU.ActiveCfg = Release|Any CPU
		{D257464F-C6A1-44C6-9D63-28D9AE65945A}.Release|Any CPU.Build.0 = Release|Any CPU
		{25408BEC-EDC5-4434-AE77-18BFCA2B1857}.Debug|Any CPU.ActiveCfg = Debug|Any CPU
		{25408BEC-EDC5-4434-AE77-18BFCA2B1857}.Debug|Any CPU.Build.0 = Debug|Any CPU
		{25408BEC-EDC5-4434-AE77-18BFCA2B1857}.Release|Any CPU.ActiveCfg = Release|Any CPU
		{25408BEC-EDC5-4434-AE77-18BFCA2B1857}.Release|Any CPU.Build.0 = Release|Any CPU
		{9B5CEA93-9DB6-4F70-8AB0-C391FA7131F0}.Debug|Any CPU.ActiveCfg = Debug|Any CPU
		{9B5CEA93-9DB6-4F70-8AB0-C391FA7131F0}.Debug|Any CPU.Build.0 = Debug|Any CPU
		{9B5CEA93-9DB6-4F70-8AB0-C391FA7131F0}.Release|Any CPU.ActiveCfg = Release|Any CPU
		{9B5CEA93-9DB6-4F70-8AB0-C391FA7131F0}.Release|Any CPU.Build.0 = Release|Any CPU
		{CBC36E67-CE55-40EA-936E-A5A2BF030D43}.Debug|Any CPU.ActiveCfg = Debug|Any CPU
		{CBC36E67-CE55-40EA-936E-A5A2BF030D43}.Debug|Any CPU.Build.0 = Debug|Any CPU
		{CBC36E67-CE55-40EA-936E-A5A2BF030D43}.Release|Any CPU.ActiveCfg = Release|Any CPU
		{CBC36E67-CE55-40EA-936E-A5A2BF030D43}.Release|Any CPU.Build.0 = Release|Any CPU
		{1FEB44FB-EA48-483A-8EFF-06E2618A4242}.Debug|Any CPU.ActiveCfg = Debug|Any CPU
		{1FEB44FB-EA48-483A-8EFF-06E2618A4242}.Debug|Any CPU.Build.0 = Debug|Any CPU
		{1FEB44FB-EA48-483A-8EFF-06E2618A4242}.Release|Any CPU.ActiveCfg = Release|Any CPU
		{1FEB44FB-EA48-483A-8EFF-06E2618A4242}.Release|Any CPU.Build.0 = Release|Any CPU
		{5B5DC6E0-0DD6-474E-A419-AC5B97F2D263}.Debug|Any CPU.ActiveCfg = Debug|Any CPU
		{5B5DC6E0-0DD6-474E-A419-AC5B97F2D263}.Debug|Any CPU.Build.0 = Debug|Any CPU
		{5B5DC6E0-0DD6-474E-A419-AC5B97F2D263}.Release|Any CPU.ActiveCfg = Release|Any CPU
		{5B5DC6E0-0DD6-474E-A419-AC5B97F2D263}.Release|Any CPU.Build.0 = Release|Any CPU
		{AE2172E7-BF35-4002-8A6B-142B8954BF22}.Debug|Any CPU.ActiveCfg = Debug|Any CPU
		{AE2172E7-BF35-4002-8A6B-142B8954BF22}.Debug|Any CPU.Build.0 = Debug|Any CPU
		{AE2172E7-BF35-4002-8A6B-142B8954BF22}.Release|Any CPU.ActiveCfg = Release|Any CPU
		{AE2172E7-BF35-4002-8A6B-142B8954BF22}.Release|Any CPU.Build.0 = Release|Any CPU
		{3404DBF4-5A91-41F2-A3E0-D3FE16625CE2}.Debug|Any CPU.ActiveCfg = Debug|Any CPU
		{3404DBF4-5A91-41F2-A3E0-D3FE16625CE2}.Debug|Any CPU.Build.0 = Debug|Any CPU
		{3404DBF4-5A91-41F2-A3E0-D3FE16625CE2}.Release|Any CPU.ActiveCfg = Release|Any CPU
		{3404DBF4-5A91-41F2-A3E0-D3FE16625CE2}.Release|Any CPU.Build.0 = Release|Any CPU
		{246FED93-CEA0-4D4A-A7A0-91D28ED73069}.Debug|Any CPU.ActiveCfg = Debug|Any CPU
		{246FED93-CEA0-4D4A-A7A0-91D28ED73069}.Debug|Any CPU.Build.0 = Debug|Any CPU
		{246FED93-CEA0-4D4A-A7A0-91D28ED73069}.Release|Any CPU.ActiveCfg = Release|Any CPU
		{246FED93-CEA0-4D4A-A7A0-91D28ED73069}.Release|Any CPU.Build.0 = Release|Any CPU
		{75E240D5-23D8-439D-ABA1-29CC80D3891D}.Debug|Any CPU.ActiveCfg = Debug|Any CPU
		{75E240D5-23D8-439D-ABA1-29CC80D3891D}.Debug|Any CPU.Build.0 = Debug|Any CPU
		{75E240D5-23D8-439D-ABA1-29CC80D3891D}.Release|Any CPU.ActiveCfg = Release|Any CPU
		{75E240D5-23D8-439D-ABA1-29CC80D3891D}.Release|Any CPU.Build.0 = Release|Any CPU
		{375F280C-0E81-44C9-AA0A-F8A79312D78E}.Debug|Any CPU.ActiveCfg = Debug|Any CPU
		{375F280C-0E81-44C9-AA0A-F8A79312D78E}.Debug|Any CPU.Build.0 = Debug|Any CPU
		{375F280C-0E81-44C9-AA0A-F8A79312D78E}.Release|Any CPU.ActiveCfg = Release|Any CPU
		{375F280C-0E81-44C9-AA0A-F8A79312D78E}.Release|Any CPU.Build.0 = Release|Any CPU
		{F005BE6D-77FC-4E1B-BCF8-48611B41F145}.Debug|Any CPU.ActiveCfg = Debug|Any CPU
		{F005BE6D-77FC-4E1B-BCF8-48611B41F145}.Debug|Any CPU.Build.0 = Debug|Any CPU
		{F005BE6D-77FC-4E1B-BCF8-48611B41F145}.Release|Any CPU.ActiveCfg = Release|Any CPU
		{F005BE6D-77FC-4E1B-BCF8-48611B41F145}.Release|Any CPU.Build.0 = Release|Any CPU
		{4D625AA9-B06F-4F82-B1CA-7611D69C9EF6}.Debug|Any CPU.ActiveCfg = Debug|Any CPU
		{4D625AA9-B06F-4F82-B1CA-7611D69C9EF6}.Debug|Any CPU.Build.0 = Debug|Any CPU
		{4D625AA9-B06F-4F82-B1CA-7611D69C9EF6}.Release|Any CPU.ActiveCfg = Release|Any CPU
		{4D625AA9-B06F-4F82-B1CA-7611D69C9EF6}.Release|Any CPU.Build.0 = Release|Any CPU
		{A63F2304-28AC-4F8E-9C2A-88AF6368CEA1}.Debug|Any CPU.ActiveCfg = Debug|Any CPU
		{A63F2304-28AC-4F8E-9C2A-88AF6368CEA1}.Debug|Any CPU.Build.0 = Debug|Any CPU
		{A63F2304-28AC-4F8E-9C2A-88AF6368CEA1}.Release|Any CPU.ActiveCfg = Release|Any CPU
		{A63F2304-28AC-4F8E-9C2A-88AF6368CEA1}.Release|Any CPU.Build.0 = Release|Any CPU
		{CC8F50B8-062E-451D-9BDD-9EA68F9C2E54}.Debug|Any CPU.ActiveCfg = Debug|Any CPU
		{CC8F50B8-062E-451D-9BDD-9EA68F9C2E54}.Debug|Any CPU.Build.0 = Debug|Any CPU
		{CC8F50B8-062E-451D-9BDD-9EA68F9C2E54}.Release|Any CPU.ActiveCfg = Release|Any CPU
		{CC8F50B8-062E-451D-9BDD-9EA68F9C2E54}.Release|Any CPU.Build.0 = Release|Any CPU
		{474216E5-DC80-4EAD-B733-315F5ABE93D1}.Debug|Any CPU.ActiveCfg = Debug|Any CPU
		{474216E5-DC80-4EAD-B733-315F5ABE93D1}.Debug|Any CPU.Build.0 = Debug|Any CPU
		{474216E5-DC80-4EAD-B733-315F5ABE93D1}.Release|Any CPU.ActiveCfg = Release|Any CPU
		{474216E5-DC80-4EAD-B733-315F5ABE93D1}.Release|Any CPU.Build.0 = Release|Any CPU
		{4052911D-F7C8-4560-886A-92A438E6717E}.Debug|Any CPU.ActiveCfg = Debug|Any CPU
		{4052911D-F7C8-4560-886A-92A438E6717E}.Debug|Any CPU.Build.0 = Debug|Any CPU
		{4052911D-F7C8-4560-886A-92A438E6717E}.Release|Any CPU.ActiveCfg = Release|Any CPU
		{4052911D-F7C8-4560-886A-92A438E6717E}.Release|Any CPU.Build.0 = Release|Any CPU
		{339F370A-12D9-4C89-9F95-A02EDB5710C3}.Debug|Any CPU.ActiveCfg = Debug|Any CPU
		{339F370A-12D9-4C89-9F95-A02EDB5710C3}.Debug|Any CPU.Build.0 = Debug|Any CPU
		{339F370A-12D9-4C89-9F95-A02EDB5710C3}.Release|Any CPU.ActiveCfg = Release|Any CPU
		{339F370A-12D9-4C89-9F95-A02EDB5710C3}.Release|Any CPU.Build.0 = Release|Any CPU
		{4F819D80-1A70-4314-A472-4A84550276BD}.Debug|Any CPU.ActiveCfg = Debug|Any CPU
		{4F819D80-1A70-4314-A472-4A84550276BD}.Debug|Any CPU.Build.0 = Debug|Any CPU
		{4F819D80-1A70-4314-A472-4A84550276BD}.Release|Any CPU.ActiveCfg = Release|Any CPU
		{4F819D80-1A70-4314-A472-4A84550276BD}.Release|Any CPU.Build.0 = Release|Any CPU
	EndGlobalSection
	GlobalSection(SolutionProperties) = preSolution
		HideSolutionNode = FALSE
	EndGlobalSection
	GlobalSection(ExtensibilityGlobals) = postSolution
		SolutionGuid = {8BE35E62-7F13-4669-977B-AE2AC95F2C58}
	EndGlobalSection
EndGlobal
